# This file is automatically @generated by Poetry 2.4.1 and should not be changed by hand.

[[package]]
name = "coverage"
version = "7.15.0"
description = "Code coverage measurement for Python"
optional = false
python-versions = ">=3.10"
groups = ["main", "test"]
files = [
    {file = "coverage-7.15.0-cp310-cp310-macosx_10_9_x86_64.whl", hash = "sha256:50913d4bf5ddafa6ca3693da5e4dd833dd1b772e0283c99ca7f7d287db67331a"},
    {file = "coverage-7.15.0-cp310-cp310-macosx_11_0_arm64.whl", hash = "sha256:359e141ccd33893ce3f1ad5525f8b96083003677c82182e5907d62d4ea5799fc"},
    {file = "coverage-7.15.0-cp310-cp310-manylinux1_i686.manylinux_2_28_i686.manylinux_2_5_i686.whl", hash = "sha256:3200b6204935f928c64b2ca1f923ab8c1acb7c9de45ec61569711b34d25cccaf"},
    {file = "coverage-7.15.0-cp310-cp310-manylinux1_x86_64.manylinux_2_28_x86_64.manylinux_2_5_x86_64.whl", hash = "sha256:be616bf61346883b2cfdc5178669647e03531d81ab761a7e378558b7e8bcb628"},
    {file = "coverage-7.15.0-cp310-cp310-manylinux2014_aarch64.manylinux_2_17_aarch64.manylinux_2_28_aarch64.whl", hash = "sha256:cc7bafc3fe1059463a8fdd97ca79972d6e2bf819d775c7d54991b5b1971201d6"},
    {file = "coverage-7.15.0-cp310-cp310-manylinux2014_ppc64le.manylinux_2_17_ppc64le.manylinux_2_28_ppc64le.whl", hash = "sha256:b713aa7fcf325a01d4184d848acb46fd84f78fdb0978470c636b23a06a753d91"},
    {file = "coverage-7.15.0-cp310-cp310-manylinux_2_31_riscv64.manylinux_2_39_riscv64.whl", hash = "sha256:e38e6fba2d56652fdfaf0231f8f78aeb805234a912de25dc291ee5cce5b8faa4"},
    {file = "coverage-7.15.0-cp310-cp310-musllinux_1_2_aarch64.whl", hash = "sha256:884499f42e382675be80770391983b90e0c0c774d87dbeeebf5f991cf6612b20"},
    {file = "coverage-7.15.0-cp310-cp310-musllinux_1_2_i686.whl", hash = "sha256:840481b12e083dbcbafab14794a8781a958edf327c8d3d70b4eee42f9b8253aa"},
    {file = "coverage-7.15.0-cp310-cp310-musllinux_1_2_ppc64le.whl", hash = "sha256:276646e9481703d09f854f3b2f018f24e19fd7049ae670a92570043eb97203b1"},
    {file = "coverage-7.15.0-cp310-cp310-musllinux_1_2_riscv64.whl", hash = "sha256:4de4b4d3f5545aa6c60dc4efd9c63b5b5dcc3bf00fe83146b2bdfffb8f6613bd"},
    {file = "coverage-7.15.0-cp310-cp310-musllinux_1_2_x86_64.whl", hash = "sha256:5c504097b2a89b1e85bc6070d920df77daec701337e3aeef2c17775a5dd0ca90"},
    {file = "coverage-7.15.0-cp310-cp310-win32.whl", hash = "sha256:f6e80ed91f98316e86b9c137206b04b2bcfbffccbdff49bd2eb09dddb1cf14e0"},
    {file = "coverage-7.15.0-cp310-cp310-win_amd64.whl", hash = "sha256:b3b3e22030f3f6f5e01a5ce69936552a5c0f6992b7698777377b99041961031f"},
    {file = "coverage-7.15.0-cp311-cp311-macosx_10_9_x86_64.whl", hash = "sha256:003fff99412ea848c0aaebcc78ed2b6ce7d8a1227ed17e68470672770b78a02a"},
    {file = "coverage-7.15.0-cp311-cp311-macosx_11_0_arm64.whl", hash = "sha256:5cbd804bf2784ce7b45114516050f346ecd50f960c4bb630a7ee9e1d78fa2118"},
    {file = "coverage-7.15.0-cp311-cp311-manylinux1_i686.manylinux_2_28_i686.manylinux_2_5_i686.whl", hash = "sha256:8773e15c23305b58882a4611fb9b2755977eae0dc2e515366a1b6c98866cc4c2"},
    {file = "coverage-7.15.0-cp311-cp311-manylinux1_x86_64.manylinux_2_28_x86_64.manylinux_2_5_x86_64.whl", hash = "sha256:f50e40081494c1dc4239ebb202014cbcc3306ea96fb6302a34c8cc0967fc5ae8"},
    {file = "coverage-7.15.0-cp311-cp311-manylinux2014_aarch64.manylinux_2_17_aarch64.manylinux_2_28_aarch64.whl", hash = "sha256:daf96f37f5fc3a7b6c6da862eb4aee61c426bd63da236ed4a73ef0e503b4bca5"},
    {file = "coverage-7.15.0-cp311-cp311-manylinux2014_ppc64le.manylinux_2_17_ppc64le.manylinux_2_28_ppc64le.whl", hash = "sha256:51aa20f6ae2788fd197747766edf4cd8234fd9423309b934257fa6b21a592723"},
    {file = "coverage-7.15.0-cp311-cp311-manylinux_2_31_riscv64.manylinux_2_39_riscv64.whl", hash = "sha256:03d1f922757662eb7af586e77834792274cff776bc7b1d1a0b66a49ea9d84735"},
    {file = "coverage-7.15.0-cp311-cp311-musllinux_1_2_aarch64.whl", hash = "sha256:a6d6acc9a7666245e6133dd15144ca038a85a9cd5026bb06d6bbae9e77440dc9"},
    {file = "coverage-7.15.0-cp311-cp311-musllinux_1_2_i686.whl", hash = "sha256:1ac2c4c27c7df851dc9a017c2d7de00b69147e84ba3d96f37a530b0b6fb51035"},
    {file = "coverage-7.15.0-cp311-cp311-musllinux_1_2_ppc64le.whl", hash = "sha256:b761a1d504fd4bd1f20f418753964dca9f5862a511fc854dac58296b3b223671"},
    {file = "coverage-7.15.0-cp311-cp311-musllinux_1_2_riscv64.whl", hash = "sha256:e43b045e11c16e897895758ae90e4a90cf99e93d58549e2f90c0e2272e155695"},
    {file = "coverage-7.15.0-cp311-cp311-musllinux_1_2_x86_64.whl", hash = "sha256:589b54513e901739f4b4582c705ce96b80c96f57641b1464607e2367a270e540"},
    {file = "coverage-7.15.0-cp311-cp311-win32.whl", hash = "sha256:106781b8482749162d0b47056937ba0933508e5d9447f65a5e7d5c422f0d6bb4"},
    {file = "coverage-7.15.0-cp311-cp311-win_amd64.whl", hash = "sha256:821e92b3631d762a339695824cadbbc73020354eba2a23a551a99ad34938fbe6"},
    {file = "coverage-7.15.0-cp311-cp311-win_arm64.whl", hash = "sha256:309990eb5fb8014b9f67cb211f7fd41876ec8a88a88d3ae76de0ed1d611e3640"},
    {file = "coverage-7.15.0-cp312-cp312-macosx_10_13_x86_64.whl", hash = "sha256:b75ee5e8cb7575636ac598719b4307ac529ec8fcd79608a35c3cd4d4dada812d"},
    {file = "coverage-7.15.0-cp312-cp312-macosx_11_0_arm64.whl", hash = "sha256:ffb31267816b93b075302248cc1737506081b4f163df4401e9df1a6424aafabe"},
    {file = "coverage-7.15.0-cp312-cp312-manylinux1_i686.manylinux_2_28_i686.manylinux_2_5_i686.whl", hash = "sha256:e4d0bb73455bf97ab243a8f12c37c686ccf1c13bb614b7b85f1d062f06f42b2c"},
    {file = "coverage-7.15.0-cp312-cp312-manylinux1_x86_64.manylinux_2_28_x86_64.manylinux_2_5_x86_64.whl", hash = "sha256:20d9ccc4ebd0edc434d86dfd2a1dd2a8efa6b6b3073d0485a394fee86459ebb4"},
    {file = "coverage-7.15.0-cp312-cp312-manylinux2014_aarch64.manylinux_2_17_aarch64.manylinux_2_28_aarch64.whl", hash = "sha256:20c8a976c365c8cb12f0cbd099508772ea41fb5fa80657a8506df0e11bd278c5"},
    {file = "coverage-7.15.0-cp312-cp312-manylinux2014_ppc64le.manylinux_2_17_ppc64le.manylinux_2_28_ppc64le.whl", hash = "sha256:f948fd5ba1b9cbca91f0ae08b4c1ce2b139509149a435e2585d056d57d70bf01"},
    {file = "coverage-7.15.0-cp312-cp312-manylinux_2_31_riscv64.manylinux_2_39_riscv64.whl", hash = "sha256:f58185f06edf6ad68ec9fb155d63ef650c82f3fbd7e1770e2867751fb13158f4"},
    {file = "coverage-7.15.0-cp312-cp312-musllinux_1_2_aarch64.whl", hash = "sha256:02adc79a920c73c647c5d117f55747df7f2de94571884758ce8bc58e04f0a796"},
    {file = "coverage-7.15.0-cp312-cp312-musllinux_1_2_i686.whl", hash = "sha256:6eb7c300fbed667fd6e3588eba71c1904cdb06110ca6fdf908c26bdd88b8e382"},
    {file = "coverage-7.15.0-cp312-cp312-musllinux_1_2_ppc64le.whl", hash = "sha256:b5fb23fa2de9dce1f5c36c09066d8fcda16cd96e8e26686caa2d7cb9b567d65c"},
    {file = "coverage-7.15.0-cp312-cp312-musllinux_1_2_riscv64.whl", hash = "sha256:cec79341dbe6281484024979976d0c7f22beae08b4a254655decd25d42cbe766"},
    {file = "coverage-7.15.0-cp312-cp312-musllinux_1_2_x86_64.whl", hash = "sha256:6c664c5444b1d970b1b2a450e21fb19ee5c9cfdf151ded2dda37260031cca0da"},
    {file = "coverage-7.15.0-cp312-cp312-win32.whl", hash = "sha256:5f764a3fa339bde6b3aa97657f5a6a3a9451e4a5b4ea98a2892c773a43525f77"},
    {file = "coverage-7.15.0-cp312-cp312-win_amd64.whl", hash = "sha256:52f9a4d2c4c56c8848bc2f524916698354b0211488b38c49ad9ae54f6cafbff6"},
    {file = "coverage-7.15.0-cp312-cp312-win_arm64.whl", hash = "sha256:31e5c3e70c85307ea35a12964e2e40f56ca2ee4b1c8c721ccf4609d17071080b"},
    {file = "coverage-7.15.0-cp313-cp313-macosx_10_13_x86_64.whl", hash = "sha256:5be4caf3b28836f078abe700f8944dac4a65d78f16d6c600c89cb624e5535782"},
    {file = "coverage-7.15.0-cp313-cp313-macosx_11_0_arm64.whl", hash = "sha256:dd58ad1404704303ca8d4f4b8a1095e7cbc7040ef17a66df1e6619aa10176430"},
    {file = "coverage-7.15.0-cp313-cp313-manylinux1_i686.manylinux_2_28_i686.manylinux_2_5_i686.whl", hash = "sha256:bbcbb317c2e5ded5b21104af81c29f391be2af98d065693ffbe8d23949b948e5"},
    {file = "coverage-7.15.0-cp313-cp313-manylinux1_x86_64.manylinux_2_28_x86_64.manylinux_2_5_x86_64.whl", hash = "sha256:27f31ecb458da3f859aab3f15ada871eb7a7768807d88df4a9f186bb17737970"},
    {file = "coverage-7.15.0-cp313-cp313-manylinux2014_aarch64.manylinux_2_17_aarch64.manylinux_2_28_aarch64.whl", hash = "sha256:13fb759be317fdc62e0f56bffdf61cfcb45c7761ad6b71e3e583e71a67ae753c"},
    {file = "coverage-7.15.0-cp313-cp313-manylinux2014_ppc64le.manylinux_2_17_ppc64le.manylinux_2_28_ppc64le.whl", hash = "sha256:d5cf007add5ab4bb8fa9f4c77e3732127c9e6cad501d7db43355fbfafca0be84"},
    {file = "coverage-7.15.0-cp313-cp313-manylinux_2_31_riscv64.manylinux_2_39_riscv64.whl", hash = "sha256:cc78d9843bd576fbe2118248258d485e968dc535f95ed504a7b0867ba9b51389"},
    {file = "coverage-7.15.0-cp313-cp313-musllinux_1_2_aarch64.whl", hash = "sha256:a263060f1de0b4b74b4e089c2a70b8003b3781c733329a9c8fd54995328f9950"},
    {file = "coverage-7.15.0-cp313-cp313-musllinux_1_2_i686.whl", hash = "sha256:c48decf16e0dfd5b049c7d5e82200c23c08126719142998d4f172444e3d0529e"},
    {file = "coverage-7.15.0-cp313-cp313-musllinux_1_2_ppc64le.whl", hash = "sha256:08fb028000ed0aaa0a4cbdfbb98be7cb42f370db973fbbb469733505ab20e13e"},
    {file = "coverage-7.15.0-cp313-cp313-musllinux_1_2_riscv64.whl", hash = "sha256:fb7dc0c3b7d8a1077abea0b8546ebc5e26d6ef6ecefc2f0f5ad2b8a53bdad837"},
    {file = "coverage-7.15.0-cp313-cp313-musllinux_1_2_x86_64.whl", hash = "sha256:6cb3602054ccbe9f0d8c2dc04bbeba90d5719236e2cd06e042ddd6d3fc7b6e37"},
    {file = "coverage-7.15.0-cp313-cp313-win32.whl", hash = "sha256:0bf781da64326b677be344df505171435b6f58716108606621d5d27d964fff8b"},
    {file = "coverage-7.15.0-cp313-cp313-win_amd64.whl", hash = "sha256:2c57a275078ee3fa185f83e400f765bc764a549de66d99b47881645cbd4ea629"},
    {file = "coverage-7.15.0-cp313-cp313-win_arm64.whl", hash = "sha256:3812c61afc6685c7999b39320779ab8f43b7a3081fdb0def39976e56fbdb9a21"},
    {file = "coverage-7.15.0-cp314-cp314-macosx_10_15_x86_64.whl", hash = "sha256:41cb79af843222e11da87127ad0ecbfa878abadd0f770a4a99391a27d3887324"},
    {file = "coverage-7.15.0-cp314-cp314-macosx_11_0_arm64.whl", hash = "sha256:7d2008989ef8fe54188d3f3bfa2e3099b025af11e90a6a1b9e7dc433d04263d8"},
    {file = "coverage-7.15.0-cp314-cp314-manylinux1_i686.manylinux_2_28_i686.manylinux_2_5_i686.whl", hash = "sha256:769e8ece11a596315ebf5aa7ec383aeeed016c091d2bf6363ffb996d41529092"},
    {file = "coverage-7.15.0-cp314-cp314-manylinux1_x86_64.manylinux_2_28_x86_64.manylinux_2_5_x86_64.whl", hash = "sha256:65a6b6164ee5c39e2f3803f314292d6c61a607ba7fee253d1e03c42dc3903502"},
    {file = "coverage-7.15.0-cp314-cp314-manylinux2014_aarch64.manylinux_2_17_aarch64.manylinux_2_28_aarch64.whl", hash = "sha256:75128817f95a5c45bb01d65fd2d8b9cb54bbe03d81608fb70e3e14b437ad56c2"},
    {file = "coverage-7.15.0-cp314-cp314-manylinux2014_ppc64le.manylinux_2_17_ppc64le.manylinux_2_28_ppc64le.whl", hash = "sha256:9887bb428fe2d4cd4bee89bac1a6c9932f484afd5b36fbd4ff6ea5f825bb1f5e"},
    {file = "coverage-7.15.0-cp314-cp314-manylinux_2_31_riscv64.manylinux_2_39_riscv64.whl", hash = "sha256:0bfc0be1f702042207a93a00523b1065ee1fe951e96edf311581c0bbc2e34888"},
    {file = "coverage-7.15.0-cp314-cp314-musllinux_1_2_aarch64.whl", hash = "sha256:f64627d55def5a43282d70e08396672692f77e4da610a5bb8bb4060b432b6859"},
    {file = "coverage-7.15.0-cp314-cp314-musllinux_1_2_i686.whl", hash = "sha256:2c6f0fa473003905c6d5bac328ee4eba9fbea654f15bc24b8a3274b23363fa99"},
    {file = "coverage-7.15.0-cp314-cp314-musllinux_1_2_ppc64le.whl", hash = "sha256:2bcf9afaf064172c6ec3c58a325a9957ad1178c05dd934e25f253321776e0676"},
    {file = "coverage-7.15.0-cp314-cp314-musllinux_1_2_riscv64.whl", hash = "sha256:baf06bc987115d6fb938d403f7eab684a057766c490367999a2b71a6883110c6"},
    {file = "coverage-7.15.0-cp314-cp314-musllinux_1_2_x86_64.whl", hash = "sha256:f0405f2ff97b1c4c0e782cb32e02f32369bcf2e6b618b591d67e1ea754575dfe"},
    {file = "coverage-7.15.0-cp314-cp314-win32.whl", hash = "sha256:ab282853ed5fbd64bbb162f19cb8fcb7087187508a6374b4f9c34ec1577c4e8f"},
    {file = "coverage-7.15.0-cp314-cp314-win_amd64.whl", hash = "sha256:3bb3040e9f4bbe26fcb0cd7cc85ac63e630d3f3a9c74f027abf4caa27e706663"},
    {file = "coverage-7.15.0-cp314-cp314-win_arm64.whl", hash = "sha256:346771144d34f7fa84ec28386f78e0f31653f33cf35e19d253d5b35f9e8201da"},
    {file = "coverage-7.15.0-cp314-cp314t-macosx_10_15_x86_64.whl", hash = "sha256:d34a010905fb6401324ba016b5da03d574967f7b21ce48ea41e66f0f1f95f641"},
    {file = "coverage-7.15.0-cp314-cp314t-macosx_11_0_arm64.whl", hash = "sha256:bb25d825d885ca8036795dacfc3924d33091fc76d71ebc99420c6b79e77d96fa"},
    {file = "coverage-7.15.0-cp314-cp314t-manylinux1_i686.manylinux_2_28_i686.manylinux_2_5_i686.whl", hash = "sha256:94c9686bfe8a9a6810297aecbd99beaa3445f9e8dc2f80b1382cca0d86b64461"},
    {file = "coverage-7.15.0-cp314-cp314t-manylinux1_x86_64.manylinux_2_28_x86_64.manylinux_2_5_x86_64.whl", hash = "sha256:9bd671c25f9d85f09d7ec481d0e43d5139f486c06a37139847a7ce569788af72"},
    {file = "coverage-7.15.0-cp314-cp314t-manylinux2014_aarch64.manylinux_2_17_aarch64.manylinux_2_28_aarch64.whl", hash = "sha256:110cbdf8d2e216577312cf06ccf85539c0e5a5420ef747e4a4719b5e483c88cd"},
    {file = "coverage-7.15.0-cp314-cp314t-manylinux2014_ppc64le.manylinux_2_17_ppc64le.manylinux_2_28_ppc64le.whl", hash = "sha256:2c5d4619214f1d9993e7b00a8600d14614b7e9d84e89507460b126aa5e6559e5"},
    {file = "coverage-7.15.0-cp314-cp314t-manylinux_2_31_riscv64.manylinux_2_39_riscv64.whl", hash = "sha256:781a704516e2d8346fbbd5be6c6f3412dd824785146528b3a01816f26c081007"},
    {file = "coverage-7.15.0-cp314-cp314t-musllinux_1_2_aarch64.whl", hash = "sha256:bd4a1b44bcb65ee29e947ac92bbee04956df3a6bfc6143641bb6cae7ede00fc9"},
    {file = "coverage-7.15.0-cp314-cp314t-musllinux_1_2_i686.whl", hash = "sha256:0e4950c9d6d3e39c64c991814ff315e2d0b9cb8152363594212c9e55208c0a8f"},
    {file = "coverage-7.15.0-cp314-cp314t-musllinux_1_2_ppc64le.whl", hash = "sha256:fe9c87ff42e5472d80d21704972e1f96e104a0a599d77c5e35db5a3c562e2571"},
    {file = "coverage-7.15.0-cp314-cp314t-musllinux_1_2_riscv64.whl", hash = "sha256:f00d5ae1dd2fe13fb8186e3e7d37bcbd8b25c0d764ff7d1b32cef9be058510a8"},
    {file = "coverage-7.15.0-cp314-cp314t-musllinux_1_2_x86_64.whl", hash = "sha256:363ab38cc78b615f11c9cac3cf1d7eef950c18b9fdedfb9066f59461dcf84d68"},
    {file = "coverage-7.15.0-cp314-cp314t-win32.whl", hash = "sha256:54fd9c53a5fafff509195f1b6a3f9be615d8e8362a3629ff1de23d270c03c86b"},
    {file = "coverage-7.15.0-cp314-cp314t-win_amd64.whl", hash = "sha256:87b47553097ba185ed964866078e7e63adea9f5f51b5f39691c34f30afd21080"},
    {file = "coverage-7.15.0-cp314-cp314t-win_arm64.whl", hash = "sha256:aeefb2dd178fe7eee79f0ad25d75855cb35ee9ed472db2c5ea06f5b4fd00cec5"},
    {file = "coverage-7.15.0-py3-none-any.whl", hash = "sha256:56da6a4cbe8f7e9e80bd072ca9cefe67d7106a440a7ec06519ec6507ac94ad19"},
    {file = "coverage-7.15.0.tar.gz", hash = "sha256:9ac3fe7a1435986463eaa8ee253ae2f2a268709ba4ae5c7dd1f52a05391ad78f"},
]

[package.extras]
toml = ["tomli ; python_full_version <= \"3.11.0a6\""]

[[package]]
name = "docopt"
version = "0.6.2"
description = "Pythonic argument parser, that will make you smile"
optional = false
python-versions = "*"
groups = ["main"]
files = [
    {file = "docopt-0.6.2.tar.gz", hash = "sha256:49b3a825280bd66b3aa83585ef59c4a8c82f2c8a522dbe754a8bc8d08c85c491"},
]

[[package]]
name = "holidays"
version = "0.98"
description = "Open World Holidays Framework"
optional = false
python-versions = ">=3.10"
groups = ["main"]
files = [
    {file = "holidays-0.98-py3-none-any.whl", hash = "sha256:65c9ba3402f1d10cc715af0510cdc847e60d8854df640515d546748ca4a24e60"},
    {file = "holidays-0.98.tar.gz", hash = "sha256:09b078a4695d53a35ea01517b331942f3232b3b7e3877f74f6d5227adbedc76e"},
]

[package.dependencies]
python-dateutil = ">=2.9.0.post0,<3"

[[package]]
name = "num2words"
version = "0.5.14"
description = "Modules to convert numbers to words. Easily extensible."
optional = false
python-versions = "*"
groups = ["main"]
files = [
    {file = "num2words-0.5.14-py3-none-any.whl", hash = "sha256:1c8e5b00142fc2966fd8d685001e36c4a9911e070d1b120e1beb721fa1edb33d"},
    {file = "num2words-0.5.14.tar.gz", hash = "sha256:b066ec18e56b6616a3b38086b5747daafbaa8868b226a36127e0451c0cf379c6"},
]

[package.dependencies]
docopt = ">=0.6.2"

[[package]]
name = "python-dateutil"
version = "2.9.0.post0"
description = "Extensions to the standard Python datetime module"
optional = false
python-versions = "!=3.0.*,!=3.1.*,!=3.2.*,>=2.7"
groups = ["main"]
files = [
    {file = "python-dateutil-2.9.0.post0.tar.gz", hash = "sha256:37dd54208da7e1cd875388217d5e00ebd4179249f90fb72437e91a35459a0ad3"},
    {file = "python_dateutil-2.9.0.post0-py2.py3-none-any.whl", hash = "sha256:a8b2bc7bffae282281c8140a97d3aa9c14da0b136dfe83f850eea9a5f7470427"},
]

[package.dependencies]
six = ">=1.5"

[[package]]
name = "ruff"
version = "0.15.17"
description = "An extremely fast Python linter and code formatter, written in Rust."
optional = false
python-versions = ">=3.7"
groups = ["dev"]
files = [
    {file = "ruff-0.15.17-py3-none-linux_armv6l.whl", hash = "sha256:d9feddb927fc68bd295f5eebc587a7e42cfaf9b65f60ca4a2386febff575da8f"},
    {file = "ruff-0.15.17-py3-none-macosx_10_12_x86_64.whl", hash = "sha256:25805a226d741c47d274a35ad5c10a7dde175fcddfa511d7cf3da0a21eb3eab7"},
    {file = "ruff-0.15.17-py3-none-macosx_11_0_arm64.whl", hash = "sha256:f6ad73b14c2d18a3bf8ad7cb6974294d7f613a7898604826058e6ac64918ef4d"},
    {file = "ruff-0.15.17-py3-none-manylinux_2_17_aarch64.manylinux2014_aarch64.whl", hash = "sha256:6ba0c1e4f95bcb3869d0d30cbd5917071ef2e28665abfec970cdab0492c713ed"},
    {file = "ruff-0.15.17-py3-none-manylinux_2_17_armv7l.manylinux2014_armv7l.whl", hash = "sha256:81647960f10bff57d2e51cadd0c3950fe598400c852863a038720ef5b8cca91e"},
    {file = "ruff-0.15.17-py3-none-manylinux_2_17_i686.manylinux2014_i686.whl", hash = "sha256:0e01a84ddbc8c16c23055ba3924476850f1bbc1917cebbb9376665a63e74260d"},
    {file = "ruff-0.15.17-py3-none-manylinux_2_17_ppc64le.manylinux2014_ppc64le.whl", hash = "sha256:84fe9f653152f8f294f9f7e03bf3a453d8b4a27f7a59c78c8666167f2b17b96c"},
    {file = "ruff-0.15.17-py3-none-manylinux_2_17_s390x.manylinux2014_s390x.whl", hash = "sha256:8c0fe88a7676e7a05b73174d4d4a59cb2ac21ff8263583f87a81a6018475a978"},
    {file = "ruff-0.15.17-py3-none-manylinux_2_17_x86_64.manylinux2014_x86_64.whl", hash = "sha256:ecfc3c7878fff94633ab0348524e093f9ce3243080416dd7d14f8ba400174719"},
    {file = "ruff-0.15.17-py3-none-manylinux_2_31_riscv64.whl", hash = "sha256:b8461180b22420b1bdc289909410930761629fddf2a5aaf60fae1ab26cedc4c4"},
    {file = "ruff-0.15.17-py3-none-musllinux_1_2_aarch64.whl", hash = "sha256:6eccbe50a038b503e7140b441aa9c7fc8c1f36edf23ebef9f4165c2f28f568b7"},
    {file = "ruff-0.15.17-py3-none-musllinux_1_2_armv7l.whl", hash = "sha256:382fc0521025f5a8ad447d8bdd523545d0d7646adb718eb1c2dac5065ec27c0f"},
    {file = "ruff-0.15.17-py3-none-musllinux_1_2_i686.whl", hash = "sha256:456d41fcd1b2777ad63f09a6e7121d43f7b688bbc76a800c10f7f8fb1f912c3f"},
    {file = "ruff-0.15.17-py3-none-musllinux_1_2_x86_64.whl", hash = "sha256:b1a04bcc94ae6194e9db05d16ad31f298a7194bfbcb08258bbe589cee1d587b8"},
    {file = "ruff-0.15.17-py3-none-win32.whl", hash = "sha256:596065960ab1ff593f744220c9fe6580eda00a95003cffa9f4048bb5b1bf0392"},
    {file = "ruff-0.15.17-py3-none-win_amd64.whl", hash = "sha256:6769e5fa1710b179b92e0bfa5a51735b35baea9013dadb06d5f44cbcf9547084"},
    {file = "ruff-0.15.17-py3-none-win_arm64.whl", hash = "sha256:f3be1fbb34bcdfd146240d8fb92a709d4c2c8191348580a3c044ec60fa0b4456"},
    {file = "ruff-0.15.17.tar.gz", hash = "sha256:2ec446937fd16c8c4de2674a209cc5af64d9c6f17d21fbf1151054fa0bcf5219"},
]

[[package]]
name = "six"
version = "1.17.0"
description = "Python 2 and 3 compatibility utilities"
optional = false
python-versions = "!=3.0.*,!=3.1.*,!=3.2.*,>=2.7"
groups = ["main"]
files = [
    {file = "six-1.17.0-py2.py3-none-any.whl", hash = "sha256:4721f391ed90541fddacab5acf947aa0d3dc7d27b2e1e8eda2be8970586c3274"},
    {file = "six-1.17.0.tar.gz", hash = "sha256:ff70335d468e7eb6ec65b95b99d3a2836546063f63acc5171de367e834932a81"},
]

[metadata]
lock-version = "2.1"
python-versions = "^3.10"
content-hash = "c12318b582f7c2faa3c477e586b50d834f5b88bd83599845a340145970e7af12"
