# This file is automatically @generated by Poetry 2.4.1 and should not be changed by hand.

[[package]]
name = "coverage"
version = "7.14.3"
description = "Code coverage measurement for Python"
optional = false
python-versions = ">=3.10"
groups = ["main", "test"]
files = [
    {file = "coverage-7.14.3-cp310-cp310-macosx_10_9_x86_64.whl", hash = "sha256:360bec1f58e7243e3405d3bdf7a1a8115aa9b448d54dc7cd6f7b7e0e9406b62e"},
    {file = "coverage-7.14.3-cp310-cp310-macosx_11_0_arm64.whl", hash = "sha256:ed68faa5e85de2f3e400bc3f122e5c82735a58c8bb24b9f63a2215954ba17b2d"},
    {file = "coverage-7.14.3-cp310-cp310-manylinux1_i686.manylinux_2_28_i686.manylinux_2_5_i686.whl", hash = "sha256:830c1fca669c572dec37ce9c838224ee45aac5be0f6961edf871e82e49d6537c"},
    {file = "coverage-7.14.3-cp310-cp310-manylinux1_x86_64.manylinux_2_28_x86_64.manylinux_2_5_x86_64.whl", hash = "sha256:a64caee2193563601dbaaa55fe2dcf597debef04a2f8f1fa8a07aa4bb7ac7a1e"},
    {file = "coverage-7.14.3-cp310-cp310-manylinux2014_aarch64.manylinux_2_17_aarch64.manylinux_2_28_aarch64.whl", hash = "sha256:0096fd7559178f0cc9cf088f2dbd2a02ef85bacaa69732c633517286b4494610"},
    {file = "coverage-7.14.3-cp310-cp310-manylinux2014_ppc64le.manylinux_2_17_ppc64le.manylinux_2_28_ppc64le.whl", hash = "sha256:6197e5a00183c11a8ce7c6abd18be1a9189fd8399084ffc95196f4f0db4f2137"},
    {file = "coverage-7.14.3-cp310-cp310-manylinux_2_31_riscv64.manylinux_2_39_riscv64.whl", hash = "sha256:7dfe427045520d6abca33687dfef767b4f635015893a1816c5decb12eb72ce18"},
    {file = "coverage-7.14.3-cp310-cp310-musllinux_1_2_aarch64.whl", hash = "sha256:9a3f142070eb7b82fc4085a55d887396f9c4e21250bccebe2ba22502c45b9647"},
    {file = "coverage-7.14.3-cp310-cp310-musllinux_1_2_i686.whl", hash = "sha256:64b2055bb6e0dc945af35cdeceb3633e6ed9273475ef3af85592410fd6803803"},
    {file = "coverage-7.14.3-cp310-cp310-musllinux_1_2_ppc64le.whl", hash = "sha256:1551b4caac3e3ec9f2bfcec6bf3776e01c0edbdd2e240431a50ca1a1aac72c27"},
    {file = "coverage-7.14.3-cp310-cp310-musllinux_1_2_riscv64.whl", hash = "sha256:583d50d59142f8549470bd6390471d0fe8b8c8d69d6a0f28ac71e05380cef640"},
    {file = "coverage-7.14.3-cp310-cp310-musllinux_1_2_x86_64.whl", hash = "sha256:e0bb8a6bc7015efdf8a928753b25da1b9ca2d6f24ef04d2ee0688e486f32aae7"},
    {file = "coverage-7.14.3-cp310-cp310-win32.whl", hash = "sha256:d48400185564042287dc487c1f016a3397f18ab4f4c5d5ec36edc218f7ffa35b"},
    {file = "coverage-7.14.3-cp310-cp310-win_amd64.whl", hash = "sha256:eadea7aba74e40adee867a8c0eec17b820b061d308a4b014f7a0e118c2b0aa61"},
    {file = "coverage-7.14.3-cp311-cp311-macosx_10_9_x86_64.whl", hash = "sha256:e574801e1d643561594aa021206c46d80b257e9853087090ba97bed8b0a509d3"},
    {file = "coverage-7.14.3-cp311-cp311-macosx_11_0_arm64.whl", hash = "sha256:f82b6bb7d75a2613e85d07cefa3a8c973d0544a8993337f6e2728e4a1e94c305"},
    {file = "coverage-7.14.3-cp311-cp311-manylinux1_i686.manylinux_2_28_i686.manylinux_2_5_i686.whl", hash = "sha256:a2335ea5fed26af2e831094964fa3f8fae60b45f7e37fcc2d3b615b2add3ad87"},
    {file = "coverage-7.14.3-cp311-cp311-manylinux1_x86_64.manylinux_2_28_x86_64.manylinux_2_5_x86_64.whl", hash = "sha256:fbb8c3a98e779013786ae01d229662aeacbc77100efbd3f2f245219ace5af700"},
    {file = "coverage-7.14.3-cp311-cp311-manylinux2014_aarch64.manylinux_2_17_aarch64.manylinux_2_28_aarch64.whl", hash = "sha256:ac082660de8f429ba0ea363595abb838998570b9a7546777c60f413ab902bbde"},
    {file = "coverage-7.14.3-cp311-cp311-manylinux2014_ppc64le.manylinux_2_17_ppc64le.manylinux_2_28_ppc64le.whl", hash = "sha256:8ac012839ff7e396030f1e94e10553a431d14e4de2ab65cb3acb72bbd5628ca2"},
    {file = "coverage-7.14.3-cp311-cp311-manylinux_2_31_riscv64.manylinux_2_39_riscv64.whl", hash = "sha256:5952f8c1bda2a5347154450379316e6dfa4d934d62ca35f6784451e6f55074fb"},
    {file = "coverage-7.14.3-cp311-cp311-musllinux_1_2_aarch64.whl", hash = "sha256:8cf0f2509acb4619e2471a1951089054dd58ebea7a912066d2ea56dd4c24ca4a"},
    {file = "coverage-7.14.3-cp311-cp311-musllinux_1_2_i686.whl", hash = "sha256:2e41fd3aab806770008279a93879b0924b16247e09ab537c043d08bbca53b4ab"},
    {file = "coverage-7.14.3-cp311-cp311-musllinux_1_2_ppc64le.whl", hash = "sha256:f0a47095963cfe054e0df178daca95aec21e680d6076da807c3add28dfe920f7"},
    {file = "coverage-7.14.3-cp311-cp311-musllinux_1_2_riscv64.whl", hash = "sha256:a090cbf9521e78ffdb2fcf448b72902afe9f5923ff6a12d5c0d0120200348af9"},
    {file = "coverage-7.14.3-cp311-cp311-musllinux_1_2_x86_64.whl", hash = "sha256:4d310baf69a4fbe8a098ce727e4808a34866ac718a6f759ae659cbd3221358bc"},
    {file = "coverage-7.14.3-cp311-cp311-win32.whl", hash = "sha256:74fdd718d88fe144f4579b8747873a07ec3f04cb837d5faec5a25d9e22fa31a8"},
    {file = "coverage-7.14.3-cp311-cp311-win_amd64.whl", hash = "sha256:cc96aa922e21d4bc5d5ed3c915cef27dfcbc13686f47d5e378d647fbfba655a2"},
    {file = "coverage-7.14.3-cp311-cp311-win_arm64.whl", hash = "sha256:c66f9f9d4f1e9712eb9b1de5310f881d4e2188cfcba5065e1a8490f38687f2c4"},
    {file = "coverage-7.14.3-cp312-cp312-macosx_10_13_x86_64.whl", hash = "sha256:3d74ff26299c4879ce3a4d826f9d3d4d556fd285fde7bbce3c0ef5a8ab1cec24"},
    {file = "coverage-7.14.3-cp312-cp312-macosx_11_0_arm64.whl", hash = "sha256:96150a9cf3468ea20f0bc5d0e21b3df8972c31480ef90fa7614b773cc6429665"},
    {file = "coverage-7.14.3-cp312-cp312-manylinux1_i686.manylinux_2_28_i686.manylinux_2_5_i686.whl", hash = "sha256:27d07a46500ba23515b838dbcf52512026af04090755cf6cc64166d88c9b9a1a"},
    {file = "coverage-7.14.3-cp312-cp312-manylinux1_x86_64.manylinux_2_28_x86_64.manylinux_2_5_x86_64.whl", hash = "sha256:621e13c6108234d7960aaf5762ab5c3c00f33c30c15af06dcbff0c73bf112727"},
    {file = "coverage-7.14.3-cp312-cp312-manylinux2014_aarch64.manylinux_2_17_aarch64.manylinux_2_28_aarch64.whl", hash = "sha256:4b60ca6d8af70473491a15a343cbabab2e8f9ea66a4376e81c7aa24876a6f977"},
    {file = "coverage-7.14.3-cp312-cp312-manylinux2014_ppc64le.manylinux_2_17_ppc64le.manylinux_2_28_ppc64le.whl", hash = "sha256:c90a7cdd5e380e1ce02f19792e2ac2fbfbf177e35a27e69fd3e873b30d895c0c"},
    {file = "coverage-7.14.3-cp312-cp312-manylinux_2_31_riscv64.manylinux_2_39_riscv64.whl", hash = "sha256:5d788e5fd55347eef06ca0732c77d04a264de67e8ff24631270cdff3767a60cf"},
    {file = "coverage-7.14.3-cp312-cp312-musllinux_1_2_aarch64.whl", hash = "sha256:62c7f79db2851c95ef020e5d28b97afde3daf9f7febcd35b53e05638f729063f"},
    {file = "coverage-7.14.3-cp312-cp312-musllinux_1_2_i686.whl", hash = "sha256:90f7608aeb5d9b60b523b9fb2a4ee1973867cc4865a3f26fe6c7577073b70205"},
    {file = "coverage-7.14.3-cp312-cp312-musllinux_1_2_ppc64le.whl", hash = "sha256:1e3b91f9c4740aeb571ecf82e5e8d8e4ab62d34fcb5a5d4e5baa38c6f7d2857c"},
    {file = "coverage-7.14.3-cp312-cp312-musllinux_1_2_riscv64.whl", hash = "sha256:c946099774a7699de03cbd0ff0a64e21aed4525eed9d959adde4afe6d15758ef"},
    {file = "coverage-7.14.3-cp312-cp312-musllinux_1_2_x86_64.whl", hash = "sha256:16b206e521feb8b7133a45754643dead0538489cf8b783b90cf5f4e3299625fd"},
    {file = "coverage-7.14.3-cp312-cp312-win32.whl", hash = "sha256:ea3169c7116eb6cdf7608c6c7da9ecfcb3da40688e3a510fac2d1d2bafd6dc35"},
    {file = "coverage-7.14.3-cp312-cp312-win_amd64.whl", hash = "sha256:7ea52fc08f007bcc494d4bb3df3851e95843d881860ba38fe2c64dc100db5e7d"},
    {file = "coverage-7.14.3-cp312-cp312-win_arm64.whl", hash = "sha256:8cec0ad652ec57790970d817490105bd917d783c2f7b38d6b58a0ca312e1a336"},
    {file = "coverage-7.14.3-cp313-cp313-macosx_10_13_x86_64.whl", hash = "sha256:47968988b367990ae4ab17523790c38cd125e02c6bfd379b6022be2d40bdc38c"},
    {file = "coverage-7.14.3-cp313-cp313-macosx_11_0_arm64.whl", hash = "sha256:0ee68f5c34812780f3a7063382c0a9fcbb99985b7ddcdcaa626e4f3fb2e0783a"},
    {file = "coverage-7.14.3-cp313-cp313-manylinux1_i686.manylinux_2_28_i686.manylinux_2_5_i686.whl", hash = "sha256:fa9e5c6857a7e80fa22ace5cf3550ae392bbfc322f1d8dd2d2d5a8be38cec027"},
    {file = "coverage-7.14.3-cp313-cp313-manylinux1_x86_64.manylinux_2_28_x86_64.manylinux_2_5_x86_64.whl", hash = "sha256:98a0859b0e98e43e1178a9402e19c8127766b14f7109a374d976e5a62c0e5c73"},
    {file = "coverage-7.14.3-cp313-cp313-manylinux2014_aarch64.manylinux_2_17_aarch64.manylinux_2_28_aarch64.whl", hash = "sha256:69918344541ed9c8368566c2adc03c0e33d4550d7faa87d1b35e49b6a3286ea9"},
    {file = "coverage-7.14.3-cp313-cp313-manylinux2014_ppc64le.manylinux_2_17_ppc64le.manylinux_2_28_ppc64le.whl", hash = "sha256:b7f300ac92cd4b570724c8ffbbd0c130fee298d2447f41d5a3abf58976fae1de"},
    {file = "coverage-7.14.3-cp313-cp313-manylinux_2_31_riscv64.manylinux_2_39_riscv64.whl", hash = "sha256:11a7ec9f97ab950f4c5af62229befc7faf208fdbc0116d3902d7e306cf2c5abd"},
    {file = "coverage-7.14.3-cp313-cp313-musllinux_1_2_aarch64.whl", hash = "sha256:a571bd889cd36c5922ce8e42e059f9d37d02301531d11374afa4c87a578625d5"},
    {file = "coverage-7.14.3-cp313-cp313-musllinux_1_2_i686.whl", hash = "sha256:de76caefc8deabb0dd1678b6a980be97d14c8d87e213ac194dbf8b09e96d63fb"},
    {file = "coverage-7.14.3-cp313-cp313-musllinux_1_2_ppc64le.whl", hash = "sha256:d20a15c622194234161535459affa8f7905830391c9ccfa060d495dbfe3a1c7f"},
    {file = "coverage-7.14.3-cp313-cp313-musllinux_1_2_riscv64.whl", hash = "sha256:b488bd4b23397db62e7a9459129d01ff06a846582a732efd24834b24a6ada498"},
    {file = "coverage-7.14.3-cp313-cp313-musllinux_1_2_x86_64.whl", hash = "sha256:6a3693b4153394d265f44fb855fdc80e72403024d4d6f91c4871b334d028e4e0"},
    {file = "coverage-7.14.3-cp313-cp313-win32.whl", hash = "sha256:338b19131ab1a6b767b462bfcbaa692e7ae22f24463e39d49b02a83410ff6b37"},
    {file = "coverage-7.14.3-cp313-cp313-win_amd64.whl", hash = "sha256:b3d77f7f196abdef7e01415de1bce09f216189e83e58159cfeef2b92d0464994"},
    {file = "coverage-7.14.3-cp313-cp313-win_arm64.whl", hash = "sha256:e6230e688c7c3e65cedd41a774eb4ec221adc6bfee13768231015b702d5e4150"},
    {file = "coverage-7.14.3-cp314-cp314-macosx_10_15_x86_64.whl", hash = "sha256:605ab2b566a22bd94834529d66d295c364aba84afd3e5498285c7a524017b1fc"},
    {file = "coverage-7.14.3-cp314-cp314-macosx_11_0_arm64.whl", hash = "sha256:a3c2134809e80fac091bfed18a6991b5a5eb5df5ae32b17ac4f4f99864b73dd7"},
    {file = "coverage-7.14.3-cp314-cp314-manylinux1_i686.manylinux_2_28_i686.manylinux_2_5_i686.whl", hash = "sha256:c02efd507227bde9969cab0db8f48890eb3b5dcad6afac57a4792df4133543ce"},
    {file = "coverage-7.14.3-cp314-cp314-manylinux1_x86_64.manylinux_2_28_x86_64.manylinux_2_5_x86_64.whl", hash = "sha256:1bb93c2aa61d2a5b38f1526546d95cf4132cb681e541a337bf8dfd092be816e5"},
    {file = "coverage-7.14.3-cp314-cp314-manylinux2014_aarch64.manylinux_2_17_aarch64.manylinux_2_28_aarch64.whl", hash = "sha256:f502e948e03e866538048bba081c075caaa62e5bda6ea5b7432e45f587eb462a"},
    {file = "coverage-7.14.3-cp314-cp314-manylinux2014_ppc64le.manylinux_2_17_ppc64le.manylinux_2_28_ppc64le.whl", hash = "sha256:9973ef2463f8e6cfb61a6324126bb3e17d67a85f22f58d856e583ea2e3ca6501"},
    {file = "coverage-7.14.3-cp314-cp314-manylinux_2_31_riscv64.manylinux_2_39_riscv64.whl", hash = "sha256:9be4e7d4c5ca0427889f8f9d614bd630c2be741b1de7699bca3b2b6c0e41003e"},
    {file = "coverage-7.14.3-cp314-cp314-musllinux_1_2_aarch64.whl", hash = "sha256:a574912f3bde4b0619f6e97d01aa590b70998859244793769eb3a6df78ee56d3"},
    {file = "coverage-7.14.3-cp314-cp314-musllinux_1_2_i686.whl", hash = "sha256:e343fb086c9cd780b38622fea7c369acd64c1a0724312149b5d769c387a2b1f5"},
    {file = "coverage-7.14.3-cp314-cp314-musllinux_1_2_ppc64le.whl", hash = "sha256:3c68df8e61f1e09633fefc7538297145623957a048534368c9d212782aa5e845"},
    {file = "coverage-7.14.3-cp314-cp314-musllinux_1_2_riscv64.whl", hash = "sha256:3e5b550a128419373c2f6cec28a244207013ef15f5cbcff6a5ca09d1dfaaf027"},
    {file = "coverage-7.14.3-cp314-cp314-musllinux_1_2_x86_64.whl", hash = "sha256:2bfc4dd0a912329eccc7484a7d0b2a38032b38c40663b1e1ac595f10c457954b"},
    {file = "coverage-7.14.3-cp314-cp314-win32.whl", hash = "sha256:0423d64c013057a06e70f070f073cec4b0cbc7d2b27f3c7007292f2ff1d52965"},
    {file = "coverage-7.14.3-cp314-cp314-win_amd64.whl", hash = "sha256:92c22e19ce64ca3f2ad751f16f14df1468b4c231bd6af97185063a9c292a0cb3"},
    {file = "coverage-7.14.3-cp314-cp314-win_arm64.whl", hash = "sha256:41de778bd41780586e2b04912079c73089ab5d839624e28db3bdb26de638da92"},
    {file = "coverage-7.14.3-cp314-cp314t-macosx_10_15_x86_64.whl", hash = "sha256:8427f370ca67db4c975d2a26acfc0e5783ca0b52444dbc50278ace0f35445949"},
    {file = "coverage-7.14.3-cp314-cp314t-macosx_11_0_arm64.whl", hash = "sha256:d8e88f335544a47e22ae2e45b344772925ec65166555c958720d5ed971880891"},
    {file = "coverage-7.14.3-cp314-cp314t-manylinux1_i686.manylinux_2_28_i686.manylinux_2_5_i686.whl", hash = "sha256:beaab199b9e5ceaf5a225e16a9d4df136f2a1eae0a5c20de1e277c8a5225f388"},
    {file = "coverage-7.14.3-cp314-cp314t-manylinux1_x86_64.manylinux_2_28_x86_64.manylinux_2_5_x86_64.whl", hash = "sha256:b3ff255799f5a1676c71c1c32ec01fd043aa09d57b3d95764b24992757184784"},
    {file = "coverage-7.14.3-cp314-cp314t-manylinux2014_aarch64.manylinux_2_17_aarch64.manylinux_2_28_aarch64.whl", hash = "sha256:878832eaac515b62decfa76965aed558775f86bf1fc8cca76993c0c84ae31aed"},
    {file = "coverage-7.14.3-cp314-cp314t-manylinux2014_ppc64le.manylinux_2_17_ppc64le.manylinux_2_28_ppc64le.whl", hash = "sha256:611e62cb9386096d81b63e0a05330750268617231e7bd598e1fe77482a2c58a5"},
    {file = "coverage-7.14.3-cp314-cp314t-manylinux_2_31_riscv64.manylinux_2_39_riscv64.whl", hash = "sha256:02c41de2a88011b893050fc9830267d927a50a215f7ad5ec17349db7090ccf26"},
    {file = "coverage-7.14.3-cp314-cp314t-musllinux_1_2_aarch64.whl", hash = "sha256:526ce9721116af23b1065089f0b75046fe521e7772ab94b641cd66b7a0421889"},
    {file = "coverage-7.14.3-cp314-cp314t-musllinux_1_2_i686.whl", hash = "sha256:e4ed44705ca4bead6fc977a8b741f2145608289b33c8a9b42a95d0f15aedbf4d"},
    {file = "coverage-7.14.3-cp314-cp314t-musllinux_1_2_ppc64le.whl", hash = "sha256:2415902f385a23dcc4ccd26e0ba803249a169af6a930c003a4c715eeb9a5444e"},
    {file = "coverage-7.14.3-cp314-cp314t-musllinux_1_2_riscv64.whl", hash = "sha256:b75ee850fc2d7c831e883220c445b035f2224de2ba6103f1e56dbd237ab913f7"},
    {file = "coverage-7.14.3-cp314-cp314t-musllinux_1_2_x86_64.whl", hash = "sha256:dc9b4e35e7c3920e925ba7f14886fd5fbe481232754624e832ddba66c7535635"},
    {file = "coverage-7.14.3-cp314-cp314t-win32.whl", hash = "sha256:7b27c822a8161afbe48e99f1adfb098d270ae7e0f7d7b0555ce110529bdb69cc"},
    {file = "coverage-7.14.3-cp314-cp314t-win_amd64.whl", hash = "sha256:39e1dbbb6ff2c338e0196a482558a792a1de3aa64261196f5cdb3da016ad9cda"},
    {file = "coverage-7.14.3-cp314-cp314t-win_arm64.whl", hash = "sha256:68520c90babfa2d560eca6d497921ed3a4f469623bd709733124491b2aa8ef3f"},
    {file = "coverage-7.14.3-py3-none-any.whl", hash = "sha256:fb7e18afb6e903c1a92401a2f0501ac277dca527bb9ca6fe1f691a8a0026a0e8"},
    {file = "coverage-7.14.3.tar.gz", hash = "sha256:1a7563a443f3d53fdeb040ec8c9f7466aed7ca3dc5891aa09d3ca3625fa4387f"},
]

[package.extras]
toml = ["tomli ; python_full_version <= \"3.11.0a6\""]

[[package]]
name = "docopt"
version = "0.6.2"
description = "Pythonic argument parser, that will make you smile"
optional = false
python-versions = "*"
groups = ["main"]
files = [
    {file = "docopt-0.6.2.tar.gz", hash = "sha256:49b3a825280bd66b3aa83585ef59c4a8c82f2c8a522dbe754a8bc8d08c85c491"},
]

[[package]]
name = "holidays"
version = "0.98"
description = "Open World Holidays Framework"
optional = false
python-versions = ">=3.10"
groups = ["main"]
files = [
    {file = "holidays-0.98-py3-none-any.whl", hash = "sha256:65c9ba3402f1d10cc715af0510cdc847e60d8854df640515d546748ca4a24e60"},
    {file = "holidays-0.98.tar.gz", hash = "sha256:09b078a4695d53a35ea01517b331942f3232b3b7e3877f74f6d5227adbedc76e"},
]

[package.dependencies]
python-dateutil = ">=2.9.0.post0,<3"

[[package]]
name = "num2words"
version = "0.5.14"
description = "Modules to convert numbers to words. Easily extensible."
optional = false
python-versions = "*"
groups = ["main"]
files = [
    {file = "num2words-0.5.14-py3-none-any.whl", hash = "sha256:1c8e5b00142fc2966fd8d685001e36c4a9911e070d1b120e1beb721fa1edb33d"},
    {file = "num2words-0.5.14.tar.gz", hash = "sha256:b066ec18e56b6616a3b38086b5747daafbaa8868b226a36127e0451c0cf379c6"},
]

[package.dependencies]
docopt = ">=0.6.2"

[[package]]
name = "python-dateutil"
version = "2.9.0.post0"
description = "Extensions to the standard Python datetime module"
optional = false
python-versions = "!=3.0.*,!=3.1.*,!=3.2.*,>=2.7"
groups = ["main"]
files = [
    {file = "python-dateutil-2.9.0.post0.tar.gz", hash = "sha256:37dd54208da7e1cd875388217d5e00ebd4179249f90fb72437e91a35459a0ad3"},
    {file = "python_dateutil-2.9.0.post0-py2.py3-none-any.whl", hash = "sha256:a8b2bc7bffae282281c8140a97d3aa9c14da0b136dfe83f850eea9a5f7470427"},
]

[package.dependencies]
six = ">=1.5"

[[package]]
name = "ruff"
version = "0.15.17"
description = "An extremely fast Python linter and code formatter, written in Rust."
optional = false
python-versions = ">=3.7"
groups = ["dev"]
files = [
    {file = "ruff-0.15.17-py3-none-linux_armv6l.whl", hash = "sha256:d9feddb927fc68bd295f5eebc587a7e42cfaf9b65f60ca4a2386febff575da8f"},
    {file = "ruff-0.15.17-py3-none-macosx_10_12_x86_64.whl", hash = "sha256:25805a226d741c47d274a35ad5c10a7dde175fcddfa511d7cf3da0a21eb3eab7"},
    {file = "ruff-0.15.17-py3-none-macosx_11_0_arm64.whl", hash = "sha256:f6ad73b14c2d18a3bf8ad7cb6974294d7f613a7898604826058e6ac64918ef4d"},
    {file = "ruff-0.15.17-py3-none-manylinux_2_17_aarch64.manylinux2014_aarch64.whl", hash = "sha256:6ba0c1e4f95bcb3869d0d30cbd5917071ef2e28665abfec970cdab0492c713ed"},
    {file = "ruff-0.15.17-py3-none-manylinux_2_17_armv7l.manylinux2014_armv7l.whl", hash = "sha256:81647960f10bff57d2e51cadd0c3950fe598400c852863a038720ef5b8cca91e"},
    {file = "ruff-0.15.17-py3-none-manylinux_2_17_i686.manylinux2014_i686.whl", hash = "sha256:0e01a84ddbc8c16c23055ba3924476850f1bbc1917cebbb9376665a63e74260d"},
    {file = "ruff-0.15.17-py3-none-manylinux_2_17_ppc64le.manylinux2014_ppc64le.whl", hash = "sha256:84fe9f653152f8f294f9f7e03bf3a453d8b4a27f7a59c78c8666167f2b17b96c"},
    {file = "ruff-0.15.17-py3-none-manylinux_2_17_s390x.manylinux2014_s390x.whl", hash = "sha256:8c0fe88a7676e7a05b73174d4d4a59cb2ac21ff8263583f87a81a6018475a978"},
    {file = "ruff-0.15.17-py3-none-manylinux_2_17_x86_64.manylinux2014_x86_64.whl", hash = "sha256:ecfc3c7878fff94633ab0348524e093f9ce3243080416dd7d14f8ba400174719"},
    {file = "ruff-0.15.17-py3-none-manylinux_2_31_riscv64.whl", hash = "sha256:b8461180b22420b1bdc289909410930761629fddf2a5aaf60fae1ab26cedc4c4"},
    {file = "ruff-0.15.17-py3-none-musllinux_1_2_aarch64.whl", hash = "sha256:6eccbe50a038b503e7140b441aa9c7fc8c1f36edf23ebef9f4165c2f28f568b7"},
    {file = "ruff-0.15.17-py3-none-musllinux_1_2_armv7l.whl", hash = "sha256:382fc0521025f5a8ad447d8bdd523545d0d7646adb718eb1c2dac5065ec27c0f"},
    {file = "ruff-0.15.17-py3-none-musllinux_1_2_i686.whl", hash = "sha256:456d41fcd1b2777ad63f09a6e7121d43f7b688bbc76a800c10f7f8fb1f912c3f"},
    {file = "ruff-0.15.17-py3-none-musllinux_1_2_x86_64.whl", hash = "sha256:b1a04bcc94ae6194e9db05d16ad31f298a7194bfbcb08258bbe589cee1d587b8"},
    {file = "ruff-0.15.17-py3-none-win32.whl", hash = "sha256:596065960ab1ff593f744220c9fe6580eda00a95003cffa9f4048bb5b1bf0392"},
    {file = "ruff-0.15.17-py3-none-win_amd64.whl", hash = "sha256:6769e5fa1710b179b92e0bfa5a51735b35baea9013dadb06d5f44cbcf9547084"},
    {file = "ruff-0.15.17-py3-none-win_arm64.whl", hash = "sha256:f3be1fbb34bcdfd146240d8fb92a709d4c2c8191348580a3c044ec60fa0b4456"},
    {file = "ruff-0.15.17.tar.gz", hash = "sha256:2ec446937fd16c8c4de2674a209cc5af64d9c6f17d21fbf1151054fa0bcf5219"},
]

[[package]]
name = "six"
version = "1.17.0"
description = "Python 2 and 3 compatibility utilities"
optional = false
python-versions = "!=3.0.*,!=3.1.*,!=3.2.*,>=2.7"
groups = ["main"]
files = [
    {file = "six-1.17.0-py2.py3-none-any.whl", hash = "sha256:4721f391ed90541fddacab5acf947aa0d3dc7d27b2e1e8eda2be8970586c3274"},
    {file = "six-1.17.0.tar.gz", hash = "sha256:ff70335d468e7eb6ec65b95b99d3a2836546063f63acc5171de367e834932a81"},
]

[metadata]
lock-version = "2.1"
python-versions = "^3.10"
content-hash = "c12318b582f7c2faa3c477e586b50d834f5b88bd83599845a340145970e7af12"
